PODS:
  - ADUMCommon (0.1.2):
    - UMCommon
  - UMCommon (7.2.5):
    - UMDevice
  - UMDevice (1.1.0)

DEPENDENCIES:
  - ADUMCommon (from `../`)

SPEC REPOS:
  trunk:
    - UMCommon
    - UMDevice

EXTERNAL SOURCES:
  ADUMCommon:
    :path: "../"

SPEC CHECKSUMS:
  ADUMCommon: aa4a1b531781df89baa17506509cfa02598a690b
  UMCommon: b5aabdb9fad44330ff8738d9bc46ebf93db14bf2
  UMDevice: 28d21a568c8e8322e5a03bbd53b138d0c098d3b3

PODFILE CHECKSUM: 1877f43060b94c8382300b089a45222dff40bf80

COCOAPODS: 1.10.1
